// !$*UTF8*$!
{
	archiveVersion = 1;
	classes = {
	};
	objectVersion = 50;
	objects = {

/* Begin PBXBuildFile section */
		47577491230598BF00500331 /* TestViewController.m in Sources */ = {isa = PBXBuildFile; fileRef = 47577490230598BF00500331 /* TestViewController.m */; };
		4757749423059D4A00500331 /* JumpManager.m in Sources */ = {isa = PBXBuildFile; fileRef = 4757749223059D4900500331 /* JumpManager.m */; };
		47C2F3082305942100022D7C /* AppDelegate.m in Sources */ = {isa = PBXBuildFile; fileRef = 47C2F3072305942100022D7C /* AppDelegate.m */; };
		47C2F30B2305942100022D7C /* SceneDelegate.m in Sources */ = {isa = PBXBuildFile; fileRef = 47C2F30A2305942100022D7C /* SceneDelegate.m */; };
		47C2F30E2305942100022D7C /* ViewController.m in Sources */ = {isa = PBXBuildFile; fileRef = 47C2F30D2305942100022D7C /* ViewController.m */; };
		47C2F3112305942100022D7C /* Main.storyboard in Resources */ = {isa = PBXBuildFile; fileRef = 47C2F30F2305942100022D7C /* Main.storyboard */; };
		47C2F3132305942300022D7C /* Assets.xcassets in Resources */ = {isa = PBXBuildFile; fileRef = 47C2F3122305942300022D7C /* Assets.xcassets */; };
		47C2F3162305942300022D7C /* LaunchScreen.storyboard in Resources */ = {isa = PBXBuildFile; fileRef = 47C2F3142305942300022D7C /* LaunchScreen.storyboard */; };
		47C2F3192305942300022D7C /* main.m in Sources */ = {isa = PBXBuildFile; fileRef = 47C2F3182305942300022D7C /* main.m */; };
/* End PBXBuildFile section */

/* Begin PBXFileReference section */
		4757748F230598BF00500331 /* TestViewController.h */ = {isa = PBXFileReference; lastKnownFileType = sourcecode.c.h; path = TestViewController.h; sourceTree = "<group>"; };
		47577490230598BF00500331 /* TestViewController.m */ = {isa = PBXFileReference; lastKnownFileType = sourcecode.c.objc; path = TestViewController.m; sourceTree = "<group>"; };
		4757749223059D4900500331 /* JumpManager.m */ = {isa = PBXFileReference; fileEncoding = 4; lastKnownFileType = sourcecode.c.objc; path = JumpManager.m; sourceTree = "<group>"; };
		4757749323059D4A00500331 /* JumpManager.h */ = {isa = PBXFileReference; fileEncoding = 4; lastKnownFileType = sourcecode.c.h; path = JumpManager.h; sourceTree = "<group>"; };
		47C2F3032305942100022D7C /* TestWeb.app */ = {isa = PBXFileReference; explicitFileType = wrapper.application; includeInIndex = 0; path = TestWeb.app; sourceTree = BUILT_PRODUCTS_DIR; };
		47C2F3062305942100022D7C /* AppDelegate.h */ = {isa = PBXFileReference; lastKnownFileType = sourcecode.c.h; path = AppDelegate.h; sourceTree = "<group>"; };
		47C2F3072305942100022D7C /* AppDelegate.m */ = {isa = PBXFileReference; lastKnownFileType = sourcecode.c.objc; path = AppDelegate.m; sourceTree = "<group>"; };
		47C2F3092305942100022D7C /* SceneDelegate.h */ = {isa = PBXFileReference; lastKnownFileType = sourcecode.c.h; path = SceneDelegate.h; sourceTree = "<group>"; };
		47C2F30A2305942100022D7C /* SceneDelegate.m */ = {isa = PBXFileReference; lastKnownFileType = sourcecode.c.objc; path = SceneDelegate.m; sourceTree = "<group>"; };
		47C2F30C2305942100022D7C /* ViewController.h */ = {isa = PBXFileReference; lastKnownFileType = sourcecode.c.h; path = ViewController.h; sourceTree = "<group>"; };
		47C2F30D2305942100022D7C /* ViewController.m */ = {isa = PBXFileReference; lastKnownFileType = sourcecode.c.objc; path = ViewController.m; sourceTree = "<group>"; };
		47C2F3102305942100022D7C /* Base */ = {isa = PBXFileReference; lastKnownFileType = file.storyboard; name = Base; path = Base.lproj/Main.storyboard; sourceTree = "<group>"; };
		47C2F3122305942300022D7C /* Assets.xcassets */ = {isa = PBXFileReference; lastKnownFileType = folder.assetcatalog; path = Assets.xcassets; sourceTree = "<group>"; };
		47C2F3152305942300022D7C /* Base */ = {isa = PBXFileReference; lastKnownFileType = file.storyboard; name = Base; path = Base.lproj/LaunchScreen.storyboard; sourceTree = "<group>"; };
		47C2F3172305942300022D7C /* Info.plist */ = {isa = PBXFileReference; lastKnownFileType = text.plist.xml; path = Info.plist; sourceTree = "<group>"; };
		47C2F3182305942300022D7C /* main.m */ = {isa = PBXFileReference; lastKnownFileType = sourcecode.c.objc; path = main.m; sourceTree = "<group>"; };
/* End PBXFileReference section */

/* Begin PBXFrameworksBuildPhase section */
		47C2F3002305942100022D7C /* Frameworks */ = {
			isa = PBXFrameworksBuildPhase;
			buildActionMask = 2147483647;
			files = (
			);
			runOnlyForDeploymentPostprocessing = 0;
		};
/* End PBXFrameworksBuildPhase section */

/* Begin PBXGroup section */
		47C2F2FA2305942100022D7C = {
			isa = PBXGroup;
			children = (
				47C2F3052305942100022D7C /* TestWeb */,
				47C2F3042305942100022D7C /* Products */,
			);
			sourceTree = "<group>";
		};
		47C2F3042305942100022D7C /* Products */ = {
			isa = PBXGroup;
			children = (
				47C2F3032305942100022D7C /* TestWeb.app */,
			);
			name = Products;
			sourceTree = "<group>";
		};
		47C2F3052305942100022D7C /* TestWeb */ = {
			isa = PBXGroup;
			children = (
				47C2F3062305942100022D7C /* AppDelegate.h */,
				47C2F3072305942100022D7C /* AppDelegate.m */,
				47C2F3092305942100022D7C /* SceneDelegate.h */,
				47C2F30A2305942100022D7C /* SceneDelegate.m */,
				47C2F30C2305942100022D7C /* ViewController.h */,
				47C2F30D2305942100022D7C /* ViewController.m */,
				4757748F230598BF00500331 /* TestViewController.h */,
				47577490230598BF00500331 /* TestViewController.m */,
				4757749323059D4A00500331 /* JumpManager.h */,
				4757749223059D4900500331 /* JumpManager.m */,
				47C2F30F2305942100022D7C /* Main.storyboard */,
				47C2F3122305942300022D7C /* Assets.xcassets */,
				47C2F3142305942300022D7C /* LaunchScreen.storyboard */,
				47C2F3172305942300022D7C /* Info.plist */,
				47C2F3182305942300022D7C /* main.m */,
			);
			path = TestWeb;
			sourceTree = "<group>";
		};
/* End PBXGroup section */

/* Begin PBXNativeTarget section */
		47C2F3022305942100022D7C /* TestWeb */ = {
			isa = PBXNativeTarget;
			buildConfigurationList = 47C2F31C2305942300022D7C /* Build configuration list for PBXNativeTarget "TestWeb" */;
			buildPhases = (
				47C2F2FF2305942100022D7C /* Sources */,
				47C2F3002305942100022D7C /* Frameworks */,
				47C2F3012305942100022D7C /* Resources */,
			);
			buildRules = (
			);
			dependencies = (
			);
			name = TestWeb;
			productName = TestWeb;
			productReference = 47C2F3032305942100022D7C /* TestWeb.app */;
			productType = "com.apple.product-type.application";
		};
/* End PBXNativeTarget section */

/* Begin PBXProject section */
		47C2F2FB2305942100022D7C /* Project object */ = {
			isa = PBXProject;
			attributes = {
				LastUpgradeCheck = 1100;
				ORGANIZATIONNAME = zhuzhijia;
				TargetAttributes = {
					47C2F3022305942100022D7C = {
						CreatedOnToolsVersion = 11.0;
					};
				};
			};
			buildConfigurationList = 47C2F2FE2305942100022D7C /* Build configuration list for PBXProject "TestWeb" */;
			compatibilityVersion = "Xcode 9.3";
			developmentRegion = en;
			hasScannedForEncodings = 0;
			knownRegions = (
				en,
				Base,
			);
			mainGroup = 47C2F2FA2305942100022D7C;
			productRefGroup = 47C2F3042305942100022D7C /* Products */;
			projectDirPath = "";
			projectRoot = "";
			targets = (
				47C2F3022305942100022D7C /* TestWeb */,
			);
		};
/* End PBXProject section */

/* Begin PBXResourcesBuildPhase section */
		47C2F3012305942100022D7C /* Resources */ = {
			isa = PBXResourcesBuildPhase;
			buildActionMask = 2147483647;
			files = (
				47C2F3162305942300022D7C /* LaunchScreen.storyboard in Resources */,
				47C2F3132305942300022D7C /* Assets.xcassets in Resources */,
				47C2F3112305942100022D7C /* Main.storyboard in Resources */,
			);
			runOnlyForDeploymentPostprocessing = 0;
		};
/* End PBXResourcesBuildPhase section */

/* Begin PBXSourcesBuildPhase section */
		47C2F2FF2305942100022D7C /* Sources */ = {
			isa = PBXSourcesBuildPhase;
			buildActionMask = 2147483647;
			files = (
				47C2F30E2305942100022D7C /* ViewController.m in Sources */,
				47C2F3082305942100022D7C /* AppDelegate.m in Sources */,
				47C2F3192305942300022D7C /* main.m in Sources */,
				47C2F30B2305942100022D7C /* SceneDelegate.m in Sources */,
				47577491230598BF00500331 /* TestViewController.m in Sources */,
				4757749423059D4A00500331 /* JumpManager.m in Sources */,
			);
			runOnlyForDeploymentPostprocessing = 0;
		};
/* End PBXSourcesBuildPhase section */

/* Begin PBXVariantGroup section */
		47C2F30F2305942100022D7C /* Main.storyboard */ = {
			isa = PBXVariantGroup;
			children = (
				47C2F3102305942100022D7C /* Base */,
			);
			name = Main.storyboard;
			sourceTree = "<group>";
		};
		47C2F3142305942300022D7C /* LaunchScreen.storyboard */ = {
			isa = PBXVariantGroup;
			children = (
				47C2F3152305942300022D7C /* Base */,
			);
			name = LaunchScreen.storyboard;
			sourceTree = "<group>";
		};
/* End PBXVariantGroup section */

/* Begin XCBuildConfiguration section */
		47C2F31A2305942300022D7C /* Debug */ = {
			isa = XCBuildConfiguration;
			buildSettings = {
				ALWAYS_SEARCH_USER_PATHS = NO;
				CLANG_ANALYZER_NONNULL = YES;
				CLANG_ANALYZER_NUMBER_OBJECT_CONVERSION = YES_AGGRESSIVE;
				CLANG_CXX_LANGUAGE_STANDARD = "gnu++14";
				CLANG_CXX_LIBRARY = "libc++";
				CLANG_ENABLE_MODULES = YES;
				CLANG_ENABLE_OBJC_ARC = YES;
				CLANG_ENABLE_OBJC_WEAK = YES;
				CLANG_WARN_BLOCK_CAPTURE_AUTORELEASING = YES;
				CLANG_WARN_BOOL_CONVERSION = YES;
				CLANG_WARN_COMMA = YES;
				CLANG_WARN_CONSTANT_CONVERSION = YES;
				CLANG_WARN_DEPRECATED_OBJC_IMPLEMENTATIONS = YES;
				CLANG_WARN_DIRECT_OBJC_ISA_USAGE = YES_ERROR;
				CLANG_WARN_DOCUMENTATION_COMMENTS = YES;
				CLANG_WARN_EMPTY_BODY = YES;
				CLANG_WARN_ENUM_CONVERSION = YES;
				CLANG_WARN_INFINITE_RECURSION = YES;
				CLANG_WARN_INT_CONVERSION = YES;
				CLANG_WARN_NON_LITERAL_NULL_CONVERSION = YES;
				CLANG_WARN_OBJC_IMPLICIT_RETAIN_SELF = YES;
				CLANG_WARN_OBJC_LITERAL_CONVERSION = YES;
				CLANG_WARN_OBJC_ROOT_CLASS = YES_ERROR;
				CLANG_WARN_RANGE_LOOP_ANALYSIS = YES;
				CLANG_WARN_STRICT_PROTOTYPES = YES;
				CLANG_WARN_SUSPICIOUS_MOVE = YES;
				CLANG_WARN_UNGUARDED_AVAILABILITY = YES_AGGRESSIVE;
				CLANG_WARN_UNREACHABLE_CODE = YES;
				CLANG_WARN__DUPLICATE_METHOD_MATCH = YES;
				COPY_PHASE_STRIP = NO;
				DEBUG_INFORMATION_FORMAT = dwarf;
				ENABLE_STRICT_OBJC_MSGSEND = YES;
				ENABLE_TESTABILITY = YES;
				GCC_C_LANGUAGE_STANDARD = gnu11;
				GCC_DYNAMIC_NO_PIC = NO;
				GCC_NO_COMMON_BLOCKS = YES;
				GCC_OPTIMIZATION_LEVEL = 0;
				GCC_PREPROCESSOR_DEFINITIONS = (
					"DEBUG=1",
					"$(inherited)",
				);
				GCC_WARN_64_TO_32_BIT_CONVERSION = YES;
				GCC_WARN_ABOUT_RETURN_TYPE = YES_ERROR;
				GCC_WARN_UNDECLARED_SELECTOR = YES;
				GCC_WARN_UNINITIALIZED_AUTOS = YES_AGGRESSIVE;
				GCC_WARN_UNUSED_FUNCTION = YES;
				GCC_WARN_UNUSED_VARIABLE = YES;
				IPHONEOS_DEPLOYMENT_TARGET = 13.0;
				MTL_ENABLE_DEBUG_INFO = INCLUDE_SOURCE;
				MTL_FAST_MATH = YES;
				ONLY_ACTIVE_ARCH = YES;
				SDKROOT = iphoneos;
			};
			name = Debug;
		};
		47C2F31B2305942300022D7C /* Release */ = {
			isa = XCBuildConfiguration;
			buildSettings = {
				ALWAYS_SEARCH_USER_PATHS = NO;
				CLANG_ANALYZER_NONNULL = YES;
				CLANG_ANALYZER_NUMBER_OBJECT_CONVERSION = YES_AGGRESSIVE;
				CLANG_CXX_LANGUAGE_STANDARD = "gnu++14";
				CLANG_CXX_LIBRARY = "libc++";
				CLANG_ENABLE_MODULES = YES;
				CLANG_ENABLE_OBJC_ARC = YES;
				CLANG_ENABLE_OBJC_WEAK = YES;
				CLANG_WARN_BLOCK_CAPTURE_AUTORELEASING = YES;
				CLANG_WARN_BOOL_CONVERSION = YES;
				CLANG_WARN_COMMA = YES;
				CLANG_WARN_CONSTANT_CONVERSION = YES;
				CLANG_WARN_DEPRECATED_OBJC_IMPLEMENTATIONS = YES;
				CLANG_WARN_DIRECT_OBJC_ISA_USAGE = YES_ERROR;
				CLANG_WARN_DOCUMENTATION_COMMENTS = YES;
				CLANG_WARN_EMPTY_BODY = YES;
				CLANG_WARN_ENUM_CONVERSION = YES;
				CLANG_WARN_INFINITE_RECURSION = YES;
				CLANG_WARN_INT_CONVERSION = YES;
				CLANG_WARN_NON_LITERAL_NULL_CONVERSION = YES;
				CLANG_WARN_OBJC_IMPLICIT_RETAIN_SELF = YES;
				CLANG_WARN_OBJC_LITERAL_CONVERSION = YES;
				CLANG_WARN_OBJC_ROOT_CLASS = YES_ERROR;
				CLANG_WARN_RANGE_LOOP_ANALYSIS = YES;
				CLANG_WARN_STRICT_PROTOTYPES = YES;
				CLANG_WARN_SUSPICIOUS_MOVE = YES;
				CLANG_WARN_UNGUARDED_AVAILABILITY = YES_AGGRESSIVE;
				CLANG_WARN_UNREACHABLE_CODE = YES;
				CLANG_WARN__DUPLICATE_METHOD_MATCH = YES;
				COPY_PHASE_STRIP = NO;
				DEBUG_INFORMATION_FORMAT = "dwarf-with-dsym";
				ENABLE_NS_ASSERTIONS = NO;
				ENABLE_STRICT_OBJC_MSGSEND = YES;
				GCC_C_LANGUAGE_STANDARD = gnu11;
				GCC_NO_COMMON_BLOCKS = YES;
				GCC_WARN_64_TO_32_BIT_CONVERSION = YES;
				GCC_WARN_ABOUT_RETURN_TYPE = YES_ERROR;
				GCC_WARN_UNDECLARED_SELECTOR = YES;
				GCC_WARN_UNINITIALIZED_AUTOS = YES_AGGRESSIVE;
				GCC_WARN_UNUSED_FUNCTION = YES;
				GCC_WARN_UNUSED_VARIABLE = YES;
				IPHONEOS_DEPLOYMENT_TARGET = 13.0;
				MTL_ENABLE_DEBUG_INFO = NO;
				MTL_FAST_MATH = YES;
				SDKROOT = iphoneos;
				VALIDATE_PRODUCT = YES;
			};
			name = Release;
		};
		47C2F31D2305942300022D7C /* Debug */ = {
			isa = XCBuildConfiguration;
			buildSettings = {
				ASSETCATALOG_COMPILER_APPICON_NAME = AppIcon;
				CODE_SIGN_STYLE = Automatic;
				INFOPLIST_FILE = TestWeb/Info.plist;
				LD_RUNPATH_SEARCH_PATHS = (
					"$(inherited)",
					"@executable_path/Frameworks",
				);
				PRODUCT_BUNDLE_IDENTIFIER = com.zzj.TestWeb;
				PRODUCT_NAME = "$(TARGET_NAME)";
				TARGETED_DEVICE_FAMILY = "1,2";
			};
			name = Debug;
		};
		47C2F31E2305942300022D7C /* Release */ = {
			isa = XCBuildConfiguration;
			buildSettings = {
				ASSETCATALOG_COMPILER_APPICON_NAME = AppIcon;
				CODE_SIGN_STYLE = Automatic;
				INFOPLIST_FILE = TestWeb/Info.plist;
				LD_RUNPATH_SEARCH_PATHS = (
					"$(inherited)",
					"@executable_path/Frameworks",
				);
				PRODUCT_BUNDLE_IDENTIFIER = com.zzj.TestWeb;
				PRODUCT_NAME = "$(TARGET_NAME)";
				TARGETED_DEVICE_FAMILY = "1,2";
			};
			name = Release;
		};
/* End XCBuildConfiguration section */

/* Begin XCConfigurationList section */
		47C2F2FE2305942100022D7C /* Build configuration list for PBXProject "TestWeb" */ = {
			isa = XCConfigurationList;
			buildConfigurations = (
				47C2F31A2305942300022D7C /* Debug */,
				47C2F31B2305942300022D7C /* Release */,
			);
			defaultConfigurationIsVisible = 0;
			defaultConfigurationName = Release;
		};
		47C2F31C2305942300022D7C /* Build configuration list for PBXNativeTarget "TestWeb" */ = {
			isa = XCConfigurationList;
			buildConfigurations = (
				47C2F31D2305942300022D7C /* Debug */,
				47C2F31E2305942300022D7C /* Release */,
			);
			defaultConfigurationIsVisible = 0;
			defaultConfigurationName = Release;
		};
/* End XCConfigurationList section */
	};
	rootObject = 47C2F2FB2305942100022D7C /* Project object */;
}
